
Microsoft Visual Studio Solution File, Format Version 12.00
# Visual Studio Version 16
VisualStudioVersion = 16.0.30523.141
MinimumVisualStudioVersion = 10.0.40219.1
Project("{FAE04EC0-301F-11D3-BF4B-00C04F79EFBC}") = "KampIntro", "KampIntro\KampIntro.csproj", "{02E33571-59D7-44AE-B721-FDF69270A877}"
EndProject
Project("{FAE04EC0-301F-11D3-BF4B-00C04F79EFBC}") = "Donguler", "Donguler\Donguler.csproj", "{6EEF5823-FB3E-432D-9BFB-B0993E7EC7A1}"
EndProject
Project("{FAE04EC0-301F-11D3-BF4B-00C04F79EFBC}") = "ClassIntro", "ClassIntro\ClassIntro.csproj", "{E3B38BC0-B385-4945-9BB8-38C5ED0087D6}"
EndProject
Global
	GlobalSection(SolutionConfigurationPlatforms) = preSolution
		Debug|Any CPU = Debug|Any CPU
		Release|Any CPU = Release|Any CPU
	EndGlobalSection
	GlobalSection(ProjectConfigurationPlatforms) = postSolution
		{02E33571-59D7-44AE-B721-FDF69270A877}.Debug|Any CPU.ActiveCfg = Debug|Any CPU
		{02E33571-59D7-44AE-B721-FDF69270A877}.Debug|Any CPU.Build.0 = Debug|Any CPU
		{02E33571-59D7-44AE-B721-FDF69270A877}.Release|Any CPU.ActiveCfg = Release|Any CPU
		{02E33571-59D7-44AE-B721-FDF69270A877}.Release|Any CPU.Build.0 = Release|Any CPU
		{6EEF5823-FB3E-432D-9BFB-B0993E7EC7A1}.Debug|Any CPU.ActiveCfg = Debug|Any CPU
		{6EEF5823-FB3E-432D-9BFB-B0993E7EC7A1}.Debug|Any CPU.Build.0 = Debug|Any CPU
		{6EEF5823-FB3E-432D-9BFB-B0993E7EC7A1}.Release|Any CPU.ActiveCfg = Release|Any CPU
		{6EEF5823-FB3E-432D-9BFB-B0993E7EC7A1}.Release|Any CPU.Build.0 = Release|Any CPU
		{E3B38BC0-B385-4945-9BB8-38C5ED0087D6}.Debug|Any CPU.ActiveCfg = Debug|Any CPU
		{E3B38BC0-B385-4945-9BB8-38C5ED0087D6}.Debug|Any CPU.Build.0 = Debug|Any CPU
		{E3B38BC0-B385-4945-9BB8-38C5ED0087D6}.Release|Any CPU.ActiveCfg = Release|Any CPU
		{E3B38BC0-B385-4945-9BB8-38C5ED0087D6}.Release|Any CPU.Build.0 = Release|Any CPU
	EndGlobalSection
	GlobalSection(SolutionProperties) = preSolution
		HideSolutionNode = FALSE
	EndGlobalSection
	GlobalSection(ExtensibilityGlobals) = postSolution
		SolutionGuid = {EFC4986C-4C50-4E18-BF2B-C997DDC8F928}
	EndGlobalSection
EndGlobal
